{
  "name": "safe-require",
  "version": "0.0.1",
  "lockfileVersion": 2,
  "requires": true,
  "packages": {
    "": {
      "name": "safe-require",
      "version": "0.0.1",
      "license": "MIT",
      "dependencies": {
        "node_modules-path": "^2.0.6"
      }
    },
    "node_modules/node_modules-path": {
      "version": "2.0.6",
      "resolved": "https://registry.npmjs.org/node_modules-path/-/node_modules-path-2.0.6.tgz",
      "integrity": "sha512-j8BbpGUznWZfaeEYAM6nrnUz2H1sHWfBenFgw8Q1yyc7Cq+mpyO6Xmgy9D07+eP9glqATKrLbZE0pxSZxWf2Fw==",
      "bin": {
        "node_modules": "bin.js"
      },
      "engines": {
        "node": ">=10.15.3 <18.0.0"
      }
    }
  },
  "dependencies": {
    "node_modules-path": {
      "version": "2.0.6",
      "resolved": "https://registry.npmjs.org/node_modules-path/-/node_modules-path-2.0.6.tgz",
      "integrity": "sha512-j8BbpGUznWZfaeEYAM6nrnUz2H1sHWfBenFgw8Q1yyc7Cq+mpyO6Xmgy9D07+eP9glqATKrLbZE0pxSZxWf2Fw=="
    }
  }
}
